
Microsoft Visual Studio Solution File, Format Version 12.00
# Visual Studio Version 17
VisualStudioVersion = 17.14.36414.22 d17.14
MinimumVisualStudioVersion = 10.0.40219.1
Project("{FAE04EC0-301F-11D3-BF4B-00C04F79EFBC}") = "ContractMonthlyClaimSystem", "ContractMonthlyClaimSystem\ContractMonthlyClaimSystem.csproj", "{FE47BCA8-D02B-4187-8D7B-FA0C5CE927B0}"
EndProject
Global
	GlobalSection(SolutionConfigurationPlatforms) = preSolution
		Debug|Any CPU = Debug|Any CPU
		Release|Any CPU = Release|Any CPU
	EndGlobalSection
	GlobalSection(ProjectConfigurationPlatforms) = postSolution
		{FE47BCA8-D02B-4187-8D7B-FA0C5CE927B0}.Debug|Any CPU.ActiveCfg = Debug|Any CPU
		{FE47BCA8-D02B-4187-8D7B-FA0C5CE927B0}.Debug|Any CPU.Build.0 = Debug|Any CPU
		{FE47BCA8-D02B-4187-8D7B-FA0C5CE927B0}.Release|Any CPU.ActiveCfg = Release|Any CPU
		{FE47BCA8-D02B-4187-8D7B-FA0C5CE927B0}.Release|Any CPU.Build.0 = Release|Any CPU
	EndGlobalSection
	GlobalSection(SolutionProperties) = preSolution
		HideSolutionNode = FALSE
	EndGlobalSection
	GlobalSection(ExtensibilityGlobals) = postSolution
		SolutionGuid = {AA5D1859-D5D6-48B6-B714-723AB98D38CE}
	EndGlobalSection
EndGlobal
